
Microsoft Visual Studio Solution File, Format Version 12.00
# Visual Studio 2012
Project("{E24C65DC-7377-472B-9ABA-BC803B73C61A}") = "MyAjax", ".", "{5E590F26-5648-4DE4-A038-8551D4A207BD}"
	ProjectSection(WebsiteProperties) = preProject
		TargetFrameworkMoniker = ".NETFramework,Version%3Dv4.5"
		Debug.AspNetCompiler.VirtualPath = "/MyAjax"
		Debug.AspNetCompiler.PhysicalPath = "..\MyAjax\"
		Debug.AspNetCompiler.TargetPath = "PrecompiledWeb\MyAjax\"
		Debug.AspNetCompiler.Updateable = "true"
		Debug.AspNetCompiler.ForceOverwrite = "true"
		Debug.AspNetCompiler.FixedNames = "false"
		Debug.AspNetCompiler.Debug = "True"
		Release.AspNetCompiler.VirtualPath = "/MyAjax"
		Release.AspNetCompiler.PhysicalPath = "..\MyAjax\"
		Release.AspNetCompiler.TargetPath = "PrecompiledWeb\MyAjax\"
		Release.AspNetCompiler.Updateable = "true"
		Release.AspNetCompiler.ForceOverwrite = "true"
		Release.AspNetCompiler.FixedNames = "false"
		Release.AspNetCompiler.Debug = "False"
		VWDPort = "2359"
	EndProjectSection
EndProject
Global
	GlobalSection(SolutionConfigurationPlatforms) = preSolution
		Debug|Any CPU = Debug|Any CPU
	EndGlobalSection
	GlobalSection(ProjectConfigurationPlatforms) = postSolution
		{5E590F26-5648-4DE4-A038-8551D4A207BD}.Debug|Any CPU.ActiveCfg = Debug|Any CPU
		{5E590F26-5648-4DE4-A038-8551D4A207BD}.Debug|Any CPU.Build.0 = Debug|Any CPU
	EndGlobalSection
	GlobalSection(SolutionProperties) = preSolution
		HideSolutionNode = FALSE
	EndGlobalSection
EndGlobal
